
Microsoft Visual Studio Solution File, Format Version 12.00
# Visual Studio Version 16
VisualStudioVersion = 16.0.31005.135
MinimumVisualStudioVersion = 10.0.40219.1
Project("{FAE04EC0-301F-11D3-BF4B-00C04F79EFBC}") = "WebApi.SocialNetWorkAdministration", "WebApi.SocialNetWorkAdministration\WebApi.SocialNetWorkAdministration.csproj", "{5E1F4355-101B-4313-83AA-9C3F7959B67A}"
EndProject
Global
	GlobalSection(SolutionConfigurationPlatforms) = preSolution
		Debug|Any CPU = Debug|Any CPU
		Release|Any CPU = Release|Any CPU
	EndGlobalSection
	GlobalSection(ProjectConfigurationPlatforms) = postSolution
		{5E1F4355-101B-4313-83AA-9C3F7959B67A}.Debug|Any CPU.ActiveCfg = Debug|Any CPU
		{5E1F4355-101B-4313-83AA-9C3F7959B67A}.Debug|Any CPU.Build.0 = Debug|Any CPU
		{5E1F4355-101B-4313-83AA-9C3F7959B67A}.Release|Any CPU.ActiveCfg = Release|Any CPU
		{5E1F4355-101B-4313-83AA-9C3F7959B67A}.Release|Any CPU.Build.0 = Release|Any CPU
	EndGlobalSection
	GlobalSection(SolutionProperties) = preSolution
		HideSolutionNode = FALSE
	EndGlobalSection
	GlobalSection(ExtensibilityGlobals) = postSolution
		SolutionGuid = {62CB347B-9D36-442E-84D0-56940CA5991F}
	EndGlobalSection
EndGlobal
